
Microsoft Visual Studio Solution File, Format Version 12.00
# Visual Studio Version 16
VisualStudioVersion = 16.0.30011.22
MinimumVisualStudioVersion = 10.0.40219.1
Project("{FAE04EC0-301F-11D3-BF4B-00C04F79EFBC}") = "EjemploWeb", "EjemploWeb\EjemploWeb.csproj", "{8B578624-11EB-4E0F-86F4-D8F3C8210ED6}"
EndProject
Global
	GlobalSection(SolutionConfigurationPlatforms) = preSolution
		Debug|Any CPU = Debug|Any CPU
		Release|Any CPU = Release|Any CPU
	EndGlobalSection
	GlobalSection(ProjectConfigurationPlatforms) = postSolution
		{8B578624-11EB-4E0F-86F4-D8F3C8210ED6}.Debug|Any CPU.ActiveCfg = Debug|Any CPU
		{8B578624-11EB-4E0F-86F4-D8F3C8210ED6}.Debug|Any CPU.Build.0 = Debug|Any CPU
		{8B578624-11EB-4E0F-86F4-D8F3C8210ED6}.Release|Any CPU.ActiveCfg = Release|Any CPU
		{8B578624-11EB-4E0F-86F4-D8F3C8210ED6}.Release|Any CPU.Build.0 = Release|Any CPU
	EndGlobalSection
	GlobalSection(SolutionProperties) = preSolution
		HideSolutionNode = FALSE
	EndGlobalSection
	GlobalSection(ExtensibilityGlobals) = postSolution
		SolutionGuid = {B74EB8BE-C8D1-4C06-BDE1-599CC4D2F45E}
	EndGlobalSection
EndGlobal
